
Microsoft Visual Studio Solution File, Format Version 12.00
# Visual Studio Version 16
VisualStudioVersion = 16.0.29911.84
MinimumVisualStudioVersion = 10.0.40219.1
Project("{9A19103F-16F7-4668-BE54-9A1E7A4F7556}") = "RestService", "RestService\RestService.csproj", "{FA15DB1C-B27C-4AA3-976D-08EB22F5D356}"
	ProjectSection(ProjectDependencies) = postProject
		{2BA94F25-A9C5-4C24-B65E-8AA981B23EB9} = {2BA94F25-A9C5-4C24-B65E-8AA981B23EB9}
	EndProjectSection
EndProject
Project("{9A19103F-16F7-4668-BE54-9A1E7A4F7556}") = "UDPWeatherBroadcaster", "UDPWeatherServer\UDPWeatherBroadcaster.csproj", "{7E35B21C-B4B6-4D84-B851-907B6A5967A4}"
EndProject
Project("{9A19103F-16F7-4668-BE54-9A1E7A4F7556}") = "WeatherReciever", "WeatherReciever\WeatherReciever.csproj", "{2BA94F25-A9C5-4C24-B65E-8AA981B23EB9}"
EndProject
Project("{9A19103F-16F7-4668-BE54-9A1E7A4F7556}") = "MeasurementLibrary", "MeasurementLibrary\MeasurementLibrary.csproj", "{D4CF5171-85FE-4045-9319-2D7D9236A1AF}"
EndProject
Project("{9A19103F-16F7-4668-BE54-9A1E7A4F7556}") = "LetItGrowUITest", "LetItGrowUITest\LetItGrowUITest.csproj", "{0D4DD86E-205B-4037-93FC-8E86D5FBE6AE}"
EndProject
Project("{FAE04EC0-301F-11D3-BF4B-00C04F79EFBC}") = "LetItGrowInMemoryDB", "LetItGrowInMemoryDB\LetItGrowInMemoryDB.csproj", "{68FAE2E0-BEEE-4119-8689-87076C11193F}"
EndProject
Global
	GlobalSection(SolutionConfigurationPlatforms) = preSolution
		Debug|Any CPU = Debug|Any CPU
		Release|Any CPU = Release|Any CPU
	EndGlobalSection
	GlobalSection(ProjectConfigurationPlatforms) = postSolution
		{FA15DB1C-B27C-4AA3-976D-08EB22F5D356}.Debug|Any CPU.ActiveCfg = Debug|Any CPU
		{FA15DB1C-B27C-4AA3-976D-08EB22F5D356}.Debug|Any CPU.Build.0 = Debug|Any CPU
		{FA15DB1C-B27C-4AA3-976D-08EB22F5D356}.Release|Any CPU.ActiveCfg = Release|Any CPU
		{FA15DB1C-B27C-4AA3-976D-08EB22F5D356}.Release|Any CPU.Build.0 = Release|Any CPU
		{7E35B21C-B4B6-4D84-B851-907B6A5967A4}.Debug|Any CPU.ActiveCfg = Debug|Any CPU
		{7E35B21C-B4B6-4D84-B851-907B6A5967A4}.Debug|Any CPU.Build.0 = Debug|Any CPU
		{7E35B21C-B4B6-4D84-B851-907B6A5967A4}.Release|Any CPU.ActiveCfg = Release|Any CPU
		{7E35B21C-B4B6-4D84-B851-907B6A5967A4}.Release|Any CPU.Build.0 = Release|Any CPU
		{2BA94F25-A9C5-4C24-B65E-8AA981B23EB9}.Debug|Any CPU.ActiveCfg = Debug|Any CPU
		{2BA94F25-A9C5-4C24-B65E-8AA981B23EB9}.Debug|Any CPU.Build.0 = Debug|Any CPU
		{2BA94F25-A9C5-4C24-B65E-8AA981B23EB9}.Release|Any CPU.ActiveCfg = Release|Any CPU
		{2BA94F25-A9C5-4C24-B65E-8AA981B23EB9}.Release|Any CPU.Build.0 = Release|Any CPU
		{D4CF5171-85FE-4045-9319-2D7D9236A1AF}.Debug|Any CPU.ActiveCfg = Debug|Any CPU
		{D4CF5171-85FE-4045-9319-2D7D9236A1AF}.Debug|Any CPU.Build.0 = Debug|Any CPU
		{D4CF5171-85FE-4045-9319-2D7D9236A1AF}.Release|Any CPU.ActiveCfg = Release|Any CPU
		{D4CF5171-85FE-4045-9319-2D7D9236A1AF}.Release|Any CPU.Build.0 = Release|Any CPU
		{0D4DD86E-205B-4037-93FC-8E86D5FBE6AE}.Debug|Any CPU.ActiveCfg = Debug|Any CPU
		{0D4DD86E-205B-4037-93FC-8E86D5FBE6AE}.Debug|Any CPU.Build.0 = Debug|Any CPU
		{0D4DD86E-205B-4037-93FC-8E86D5FBE6AE}.Release|Any CPU.ActiveCfg = Release|Any CPU
		{0D4DD86E-205B-4037-93FC-8E86D5FBE6AE}.Release|Any CPU.Build.0 = Release|Any CPU
		{68FAE2E0-BEEE-4119-8689-87076C11193F}.Debug|Any CPU.ActiveCfg = Debug|Any CPU
		{68FAE2E0-BEEE-4119-8689-87076C11193F}.Debug|Any CPU.Build.0 = Debug|Any CPU
		{68FAE2E0-BEEE-4119-8689-87076C11193F}.Release|Any CPU.ActiveCfg = Release|Any CPU
		{68FAE2E0-BEEE-4119-8689-87076C11193F}.Release|Any CPU.Build.0 = Release|Any CPU
	EndGlobalSection
	GlobalSection(SolutionProperties) = preSolution
		HideSolutionNode = FALSE
	EndGlobalSection
	GlobalSection(ExtensibilityGlobals) = postSolution
		SolutionGuid = {D8C90000-C08D-40F8-B668-A2B618FA2DAB}
	EndGlobalSection
EndGlobal
