
Microsoft Visual Studio Solution File, Format Version 12.00
# Visual Studio Version 16
VisualStudioVersion = 16.0.29911.84
MinimumVisualStudioVersion = 10.0.40219.1
Project("{FAE04EC0-301F-11D3-BF4B-00C04F79EFBC}") = "LetItGrow", "LetItGrow\LetItGrow.csproj", "{10FFBD59-CBB8-4DB6-9BE3-08C79B987CF7}"
EndProject
Global
	GlobalSection(SolutionConfigurationPlatforms) = preSolution
		Debug|Any CPU = Debug|Any CPU
		Release|Any CPU = Release|Any CPU
	EndGlobalSection
	GlobalSection(ProjectConfigurationPlatforms) = postSolution
		{10FFBD59-CBB8-4DB6-9BE3-08C79B987CF7}.Debug|Any CPU.ActiveCfg = Debug|Any CPU
		{10FFBD59-CBB8-4DB6-9BE3-08C79B987CF7}.Debug|Any CPU.Build.0 = Debug|Any CPU
		{10FFBD59-CBB8-4DB6-9BE3-08C79B987CF7}.Release|Any CPU.ActiveCfg = Release|Any CPU
		{10FFBD59-CBB8-4DB6-9BE3-08C79B987CF7}.Release|Any CPU.Build.0 = Release|Any CPU
	EndGlobalSection
	GlobalSection(SolutionProperties) = preSolution
		HideSolutionNode = FALSE
	EndGlobalSection
	GlobalSection(ExtensibilityGlobals) = postSolution
		SolutionGuid = {D8C90000-C08D-40F8-B668-A2B618FA2DAB}
	EndGlobalSection
EndGlobal
